{
  "name": "akou-ci-executor",
  "lockfileVersion": 3,
  "requires": true,
  "packages": {
    "": {
      "name": "akou-ci-executor",
      "license": "GPL-3.0-only",
      "dependencies": {
        "executor": "1.6.8"
      }
    },
    "node_modules/executor": {
      "version": "1.6.8",
      "resolved": "https://registry.npmjs.org/executor/-/executor-1.6.8.tgz",
      "integrity": "sha512-RSFCTCfWhXgY5f8JDxHrd+9jnW2TUvUv/OlLva6kmAFhAs0R8pI6vd43TQFB5MHeJhAy5KaN8YAAeRi2K6fkFQ==",
      "license": "MIT",
      "bin": {
        "executor": "bin/executor"
      },
      "engines": {
        "node": ">=20"
      },
      "optionalDependencies": {
        "executor-darwin-arm64": "npm:executor@1.6.8-darwin-arm64",
        "executor-darwin-x64": "npm:executor@1.6.8-darwin-x64",
        "executor-linux-arm64": "npm:executor@1.6.8-linux-arm64",
        "executor-linux-arm64-musl": "npm:executor@1.6.8-linux-arm64-musl",
        "executor-linux-x64": "npm:executor@1.6.8-linux-x64",
        "executor-linux-x64-musl": "npm:executor@1.6.8-linux-x64-musl",
        "executor-windows-arm64": "npm:executor@1.6.8-windows-arm64",
        "executor-windows-x64": "npm:executor@1.6.8-windows-x64"
      }
    },
    "node_modules/executor-darwin-arm64": {
      "name": "executor",
      "version": "1.6.8-darwin-arm64",
      "resolved": "https://registry.npmjs.org/executor/-/executor-1.6.8-darwin-arm64.tgz",
      "integrity": "sha512-28fwaFwDyHrpVG39hhN0uGdWOJgCr0C7EM8P11CUT3ifM4Kg2H2kSCk7VOMk6F7oDtaBdfOObvZkJOadC0CJtw==",
      "cpu": [
        "arm64"
      ],
      "license": "MIT",
      "optional": true,
      "os": [
        "darwin"
      ]
    },
    "node_modules/executor-darwin-x64": {
      "name": "executor",
      "version": "1.6.8-darwin-x64",
      "resolved": "https://registry.npmjs.org/executor/-/executor-1.6.8-darwin-x64.tgz",
      "integrity": "sha512-7BEftSu2BCseSgTBjCAnZt2ePj4l6j7P3FOgvVfJkHkPaXN1grx65pmRiQudEEHyR7ZbewEM0pZUEa/szVmABA==",
      "cpu": [
        "x64"
      ],
      "license": "MIT",
      "optional": true,
      "os": [
        "darwin"
      ]
    },
    "node_modules/executor-linux-arm64": {
      "name": "executor",
      "version": "1.6.8-linux-arm64",
      "resolved": "https://registry.npmjs.org/executor/-/executor-1.6.8-linux-arm64.tgz",
      "integrity": "sha512-Opu3QmuUB4kYlcdSUHEy89h9FWNpN+GcOcpoz+T1ehfI1I+MHDlnepn3cjxFX3SVDO8zcWrYnDesmbTlZLYT0w==",
      "cpu": [
        "arm64"
      ],
      "license": "MIT",
      "optional": true,
      "os": [
        "linux"
      ]
    },
    "node_modules/executor-linux-arm64-musl": {
      "name": "executor",
      "version": "1.6.8-linux-arm64-musl",
      "resolved": "https://registry.npmjs.org/executor/-/executor-1.6.8-linux-arm64-musl.tgz",
      "integrity": "sha512-nZyoU0PKNaQjCS96UEjkBiDdLqSDj3fZGnE4YCYslgr2ex+3xv+P4aMxzaMAi3sLiNKjQry4gDDmz1tYC95JOA==",
      "cpu": [
        "arm64"
      ],
      "license": "MIT",
      "optional": true,
      "os": [
        "linux"
      ]
    },
    "node_modules/executor-linux-x64": {
      "name": "executor",
      "version": "1.6.8-linux-x64",
      "resolved": "https://registry.npmjs.org/executor/-/executor-1.6.8-linux-x64.tgz",
      "integrity": "sha512-u1cLLOLzoKOQu+kpAta/U8ztycLjpCCOJW67I95BRLzbcf02F2M5pe9y5U3A2luWA46G9WOQGGQ6EfX1F/RP8Q==",
      "cpu": [
        "x64"
      ],
      "license": "MIT",
      "optional": true,
      "os": [
        "linux"
      ]
    },
    "node_modules/executor-linux-x64-musl": {
      "name": "executor",
      "version": "1.6.8-linux-x64-musl",
      "resolved": "https://registry.npmjs.org/executor/-/executor-1.6.8-linux-x64-musl.tgz",
      "integrity": "sha512-YjigYQXiOpzH1h9R2N8J5GPXG53TAAM0XzptUzny5l1KfukY9so+r2ExuG+XKitWl8/V47H6Zac99z+yA3H9uA==",
      "cpu": [
        "x64"
      ],
      "license": "MIT",
      "optional": true,
      "os": [
        "linux"
      ]
    },
    "node_modules/executor-windows-arm64": {
      "name": "executor",
      "version": "1.6.8-windows-arm64",
      "resolved": "https://registry.npmjs.org/executor/-/executor-1.6.8-windows-arm64.tgz",
      "integrity": "sha512-7x5qqcLbXoZbCuuc2XO+7m9Qmt3asRaNT7pzfVj3WQ7lGdV6ctAQa6MaL4lOHhMUt4KWtT3dZuTWHMzqeFN9xQ==",
      "cpu": [
        "arm64"
      ],
      "license": "MIT",
      "optional": true,
      "os": [
        "win32"
      ]
    },
    "node_modules/executor-windows-x64": {
      "name": "executor",
      "version": "1.6.8-windows-x64",
      "resolved": "https://registry.npmjs.org/executor/-/executor-1.6.8-windows-x64.tgz",
      "integrity": "sha512-GluFOaQL1KliTqN44Z20G37rmG8Ug4mHWuIveYCxPw6gNjMR5/d7Z9CfiN55hr3wZ8ncf93xhrVDYuCpw/5UYA==",
      "cpu": [
        "x64"
      ],
      "license": "MIT",
      "optional": true,
      "os": [
        "win32"
      ]
    }
  }
}
